PODS:
  - Alamofire (5.1.0)
  - AlamofireImage (4.1.0):
    - Alamofire (~> 5.1)
  - NFImageView (0.2.4):
    - Alamofire (~> 5.1)
    - AlamofireImage (~> 4.1)

DEPENDENCIES:
  - Alamofire (~> 5.1)
  - AlamofireImage (~> 4.1)
  - NFImageView (from `../`)

SPEC REPOS:
  https://github.com/CocoaPods/Specs.git:
    - Alamofire
    - AlamofireImage

EXTERNAL SOURCES:
  NFImageView:
    :path: "../"

SPEC CHECKSUMS:
  Alamofire: 9d5c5f602928e512395b30950c5984eca840093c
  AlamofireImage: c4a2ba349885fb3064feb74d2e547bd42ce9be10
  NFImageView: c9966734c7e00ff4a1e9af02151ec9fc7c708227

PODFILE CHECKSUM: 2c733689b0b6931c2c140fed93328627d050717d

COCOAPODS: 1.9.1
