PODS:
  - Alamofire (4.9.1)
  - AlamofireImage (3.5.2):
    - Alamofire (~> 4.8)
  - NFImageView (0.1.7):
    - Alamofire
    - AlamofireImage

DEPENDENCIES:
  - Alamofire
  - AlamofireImage
  - NFImageView (from `../`)

SPEC REPOS:
  https://github.com/CocoaPods/Specs.git:
    - Alamofire
    - AlamofireImage

EXTERNAL SOURCES:
  NFImageView:
    :path: "../"

SPEC CHECKSUMS:
  Alamofire: 85e8a02c69d6020a0d734f6054870d7ecb75cf18
  AlamofireImage: 63cfe3baf1370be6c498149687cf6db3e3b00999
  NFImageView: 64b7a2ce70d0661014a715ae7604d3b467579535

PODFILE CHECKSUM: 440eb4fe532b715aec538f50c451328ac1d495cb

COCOAPODS: 1.8.4
